
Microsoft Visual Studio Solution File, Format Version 12.00
# Visual Studio Version 16
VisualStudioVersion = 16.0.810.20
MinimumVisualStudioVersion = 10.0.40219.1
Project("{FAE04EC0-301F-11D3-BF4B-00C04F79EFBC}") = "NoFrixionBitcoinPrice", "NoFrixionBitcoinPrice\NoFrixionBitcoinPrice.csproj", "{0119C38E-664D-4A9C-A995-71004E33A922}"
EndProject
Global
	GlobalSection(SolutionConfigurationPlatforms) = preSolution
		Debug|Any CPU = Debug|Any CPU
		Release|Any CPU = Release|Any CPU
	EndGlobalSection
	GlobalSection(ProjectConfigurationPlatforms) = postSolution
		{0119C38E-664D-4A9C-A995-71004E33A922}.Debug|Any CPU.ActiveCfg = Debug|Any CPU
		{0119C38E-664D-4A9C-A995-71004E33A922}.Debug|Any CPU.Build.0 = Debug|Any CPU
		{0119C38E-664D-4A9C-A995-71004E33A922}.Release|Any CPU.ActiveCfg = Release|Any CPU
		{0119C38E-664D-4A9C-A995-71004E33A922}.Release|Any CPU.Build.0 = Release|Any CPU
	EndGlobalSection
	GlobalSection(SolutionProperties) = preSolution
		HideSolutionNode = FALSE
	EndGlobalSection
	GlobalSection(ExtensibilityGlobals) = postSolution
		SolutionGuid = {57784567-407E-48F9-B55E-15496B091CEE}
	EndGlobalSection
EndGlobal
